
Microsoft Visual Studio Solution File, Format Version 12.00
# Visual Studio Version 16
VisualStudioVersion = 16.0.31205.134
MinimumVisualStudioVersion = 10.0.40219.1
Project("{FAE04EC0-301F-11D3-BF4B-00C04F79EFBC}") = "MinecraftBorderExpansion", "MinecraftBorderExpansion.csproj", "{F8534E7C-E206-45A3-AE4F-893FC7E3CBE0}"
EndProject
Global
	GlobalSection(SolutionConfigurationPlatforms) = preSolution
		Debug|Any CPU = Debug|Any CPU
		Release|Any CPU = Release|Any CPU
	EndGlobalSection
	GlobalSection(ProjectConfigurationPlatforms) = postSolution
		{F8534E7C-E206-45A3-AE4F-893FC7E3CBE0}.Debug|Any CPU.ActiveCfg = Debug|Any CPU
		{F8534E7C-E206-45A3-AE4F-893FC7E3CBE0}.Debug|Any CPU.Build.0 = Debug|Any CPU
		{F8534E7C-E206-45A3-AE4F-893FC7E3CBE0}.Release|Any CPU.ActiveCfg = Release|Any CPU
		{F8534E7C-E206-45A3-AE4F-893FC7E3CBE0}.Release|Any CPU.Build.0 = Release|Any CPU
	EndGlobalSection
	GlobalSection(SolutionProperties) = preSolution
		HideSolutionNode = FALSE
	EndGlobalSection
	GlobalSection(ExtensibilityGlobals) = postSolution
		SolutionGuid = {415F0FD8-7F22-4336-8C5A-E90177F935E5}
	EndGlobalSection
EndGlobal
